
Microsoft Visual Studio Solution File, Format Version 12.00
# Visual Studio 15
VisualStudioVersion = 15.0.28307.136
MinimumVisualStudioVersion = 10.0.40219.1
Project("{9A19103F-16F7-4668-BE54-9A1E7A4F7556}") = "OmniReader.Data", "OmniReader.Data\OmniReader.Data.csproj", "{F7D924AF-4DFD-4062-BDAD-AC02FFE12D2B}"
EndProject
Project("{FAE04EC0-301F-11D3-BF4B-00C04F79EFBC}") = "OmniReader.GUI.Android", "OmniReader.GUI\OmniReader.GUI.Android\OmniReader.GUI.Android.csproj", "{6D479762-6C1E-4D26-88EF-EE3991B8A7EC}"
EndProject
Project("{9A19103F-16F7-4668-BE54-9A1E7A4F7556}") = "OmniReader.GUI", "OmniReader.GUI\OmniReader.GUI\OmniReader.GUI.csproj", "{065036F2-EA85-48D3-95C7-5FF290AB5E37}"
EndProject
Project("{9A19103F-16F7-4668-BE54-9A1E7A4F7556}") = "OmniReader.Core", "OmniReader.Core\OmniReader.Core.csproj", "{38173740-F4A2-4ECA-A72B-0E3FC6AB663B}"
EndProject
Project("{2150E333-8FDC-42A3-9474-1A3956D46DE8}") = "Solution Items", "Solution Items", "{7F1E7ECB-197D-4EF0-8B12-C6D457255501}"
	ProjectSection(SolutionItems) = preProject
		README.md = README.md
	EndProjectSection
EndProject
Global
	GlobalSection(SolutionConfigurationPlatforms) = preSolution
		Ad-Hoc|Any CPU = Ad-Hoc|Any CPU
		Ad-Hoc|iPhone = Ad-Hoc|iPhone
		Ad-Hoc|iPhoneSimulator = Ad-Hoc|iPhoneSimulator
		AppStore|Any CPU = AppStore|Any CPU
		AppStore|iPhone = AppStore|iPhone
		AppStore|iPhoneSimulator = AppStore|iPhoneSimulator
		Debug|Any CPU = Debug|Any CPU
		Debug|iPhone = Debug|iPhone
		Debug|iPhoneSimulator = Debug|iPhoneSimulator
		Release|Any CPU = Release|Any CPU
		Release|iPhone = Release|iPhone
		Release|iPhoneSimulator = Release|iPhoneSimulator
	EndGlobalSection
	GlobalSection(ProjectConfigurationPlatforms) = postSolution
		{F7D924AF-4DFD-4062-BDAD-AC02FFE12D2B}.Ad-Hoc|Any CPU.ActiveCfg = Release|Any CPU
		{F7D924AF-4DFD-4062-BDAD-AC02FFE12D2B}.Ad-Hoc|Any CPU.Build.0 = Release|Any CPU
		{F7D924AF-4DFD-4062-BDAD-AC02FFE12D2B}.Ad-Hoc|iPhone.ActiveCfg = Release|Any CPU
		{F7D924AF-4DFD-4062-BDAD-AC02FFE12D2B}.Ad-Hoc|iPhone.Build.0 = Release|Any CPU
		{F7D924AF-4DFD-4062-BDAD-AC02FFE12D2B}.Ad-Hoc|iPhoneSimulator.ActiveCfg = Release|Any CPU
		{F7D924AF-4DFD-4062-BDAD-AC02FFE12D2B}.Ad-Hoc|iPhoneSimulator.Build.0 = Release|Any CPU
		{F7D924AF-4DFD-4062-BDAD-AC02FFE12D2B}.AppStore|Any CPU.ActiveCfg = Release|Any CPU
		{F7D924AF-4DFD-4062-BDAD-AC02FFE12D2B}.AppStore|Any CPU.Build.0 = Release|Any CPU
		{F7D924AF-4DFD-4062-BDAD-AC02FFE12D2B}.AppStore|iPhone.ActiveCfg = Release|Any CPU
		{F7D924AF-4DFD-4062-BDAD-AC02FFE12D2B}.AppStore|iPhone.Build.0 = Release|Any CPU
		{F7D924AF-4DFD-4062-BDAD-AC02FFE12D2B}.AppStore|iPhoneSimulator.ActiveCfg = Release|Any CPU
		{F7D924AF-4DFD-4062-BDAD-AC02FFE12D2B}.AppStore|iPhoneSimulator.Build.0 = Release|Any CPU
		{F7D924AF-4DFD-4062-BDAD-AC02FFE12D2B}.Debug|Any CPU.ActiveCfg = Debug|Any CPU
		{F7D924AF-4DFD-4062-BDAD-AC02FFE12D2B}.Debug|Any CPU.Build.0 = Debug|Any CPU
		{F7D924AF-4DFD-4062-BDAD-AC02FFE12D2B}.Debug|iPhone.ActiveCfg = Debug|Any CPU
		{F7D924AF-4DFD-4062-BDAD-AC02FFE12D2B}.Debug|iPhone.Build.0 = Debug|Any CPU
		{F7D924AF-4DFD-4062-BDAD-AC02FFE12D2B}.Debug|iPhoneSimulator.ActiveCfg = Debug|Any CPU
		{F7D924AF-4DFD-4062-BDAD-AC02FFE12D2B}.Debug|iPhoneSimulator.Build.0 = Debug|Any CPU
		{F7D924AF-4DFD-4062-BDAD-AC02FFE12D2B}.Release|Any CPU.ActiveCfg = Release|Any CPU
		{F7D924AF-4DFD-4062-BDAD-AC02FFE12D2B}.Release|Any CPU.Build.0 = Release|Any CPU
		{F7D924AF-4DFD-4062-BDAD-AC02FFE12D2B}.Release|iPhone.ActiveCfg = Release|Any CPU
		{F7D924AF-4DFD-4062-BDAD-AC02FFE12D2B}.Release|iPhone.Build.0 = Release|Any CPU
		{F7D924AF-4DFD-4062-BDAD-AC02FFE12D2B}.Release|iPhoneSimulator.ActiveCfg = Release|Any CPU
		{F7D924AF-4DFD-4062-BDAD-AC02FFE12D2B}.Release|iPhoneSimulator.Build.0 = Release|Any CPU
		{6D479762-6C1E-4D26-88EF-EE3991B8A7EC}.Ad-Hoc|Any CPU.ActiveCfg = Release|Any CPU
		{6D479762-6C1E-4D26-88EF-EE3991B8A7EC}.Ad-Hoc|Any CPU.Build.0 = Release|Any CPU
		{6D479762-6C1E-4D26-88EF-EE3991B8A7EC}.Ad-Hoc|Any CPU.Deploy.0 = Release|Any CPU
		{6D479762-6C1E-4D26-88EF-EE3991B8A7EC}.Ad-Hoc|iPhone.ActiveCfg = Release|Any CPU
		{6D479762-6C1E-4D26-88EF-EE3991B8A7EC}.Ad-Hoc|iPhone.Build.0 = Release|Any CPU
		{6D479762-6C1E-4D26-88EF-EE3991B8A7EC}.Ad-Hoc|iPhone.Deploy.0 = Release|Any CPU
		{6D479762-6C1E-4D26-88EF-EE3991B8A7EC}.Ad-Hoc|iPhoneSimulator.ActiveCfg = Release|Any CPU
		{6D479762-6C1E-4D26-88EF-EE3991B8A7EC}.Ad-Hoc|iPhoneSimulator.Build.0 = Release|Any CPU
		{6D479762-6C1E-4D26-88EF-EE3991B8A7EC}.Ad-Hoc|iPhoneSimulator.Deploy.0 = Release|Any CPU
		{6D479762-6C1E-4D26-88EF-EE3991B8A7EC}.AppStore|Any CPU.ActiveCfg = Release|Any CPU
		{6D479762-6C1E-4D26-88EF-EE3991B8A7EC}.AppStore|Any CPU.Build.0 = Release|Any CPU
		{6D479762-6C1E-4D26-88EF-EE3991B8A7EC}.AppStore|Any CPU.Deploy.0 = Release|Any CPU
		{6D479762-6C1E-4D26-88EF-EE3991B8A7EC}.AppStore|iPhone.ActiveCfg = Release|Any CPU
		{6D479762-6C1E-4D26-88EF-EE3991B8A7EC}.AppStore|iPhone.Build.0 = Release|Any CPU
		{6D479762-6C1E-4D26-88EF-EE3991B8A7EC}.AppStore|iPhone.Deploy.0 = Release|Any CPU
		{6D479762-6C1E-4D26-88EF-EE3991B8A7EC}.AppStore|iPhoneSimulator.ActiveCfg = Release|Any CPU
		{6D479762-6C1E-4D26-88EF-EE3991B8A7EC}.AppStore|iPhoneSimulator.Build.0 = Release|Any CPU
		{6D479762-6C1E-4D26-88EF-EE3991B8A7EC}.AppStore|iPhoneSimulator.Deploy.0 = Release|Any CPU
		{6D479762-6C1E-4D26-88EF-EE3991B8A7EC}.Debug|Any CPU.ActiveCfg = Debug|Any CPU
		{6D479762-6C1E-4D26-88EF-EE3991B8A7EC}.Debug|Any CPU.Build.0 = Debug|Any CPU
		{6D479762-6C1E-4D26-88EF-EE3991B8A7EC}.Debug|Any CPU.Deploy.0 = Debug|Any CPU
		{6D479762-6C1E-4D26-88EF-EE3991B8A7EC}.Debug|iPhone.ActiveCfg = Debug|Any CPU
		{6D479762-6C1E-4D26-88EF-EE3991B8A7EC}.Debug|iPhone.Build.0 = Debug|Any CPU
		{6D479762-6C1E-4D26-88EF-EE3991B8A7EC}.Debug|iPhone.Deploy.0 = Debug|Any CPU
		{6D479762-6C1E-4D26-88EF-EE3991B8A7EC}.Debug|iPhoneSimulator.ActiveCfg = Debug|Any CPU
		{6D479762-6C1E-4D26-88EF-EE3991B8A7EC}.Debug|iPhoneSimulator.Build.0 = Debug|Any CPU
		{6D479762-6C1E-4D26-88EF-EE3991B8A7EC}.Debug|iPhoneSimulator.Deploy.0 = Debug|Any CPU
		{6D479762-6C1E-4D26-88EF-EE3991B8A7EC}.Release|Any CPU.ActiveCfg = Release|Any CPU
		{6D479762-6C1E-4D26-88EF-EE3991B8A7EC}.Release|Any CPU.Build.0 = Release|Any CPU
		{6D479762-6C1E-4D26-88EF-EE3991B8A7EC}.Release|Any CPU.Deploy.0 = Release|Any CPU
		{6D479762-6C1E-4D26-88EF-EE3991B8A7EC}.Release|iPhone.ActiveCfg = Release|Any CPU
		{6D479762-6C1E-4D26-88EF-EE3991B8A7EC}.Release|iPhone.Build.0 = Release|Any CPU
		{6D479762-6C1E-4D26-88EF-EE3991B8A7EC}.Release|iPhone.Deploy.0 = Release|Any CPU
		{6D479762-6C1E-4D26-88EF-EE3991B8A7EC}.Release|iPhoneSimulator.ActiveCfg = Release|Any CPU
		{6D479762-6C1E-4D26-88EF-EE3991B8A7EC}.Release|iPhoneSimulator.Build.0 = Release|Any CPU
		{6D479762-6C1E-4D26-88EF-EE3991B8A7EC}.Release|iPhoneSimulator.Deploy.0 = Release|Any CPU
		{065036F2-EA85-48D3-95C7-5FF290AB5E37}.Ad-Hoc|Any CPU.ActiveCfg = Debug|Any CPU
		{065036F2-EA85-48D3-95C7-5FF290AB5E37}.Ad-Hoc|Any CPU.Build.0 = Debug|Any CPU
		{065036F2-EA85-48D3-95C7-5FF290AB5E37}.Ad-Hoc|iPhone.ActiveCfg = Debug|Any CPU
		{065036F2-EA85-48D3-95C7-5FF290AB5E37}.Ad-Hoc|iPhone.Build.0 = Debug|Any CPU
		{065036F2-EA85-48D3-95C7-5FF290AB5E37}.Ad-Hoc|iPhoneSimulator.ActiveCfg = Debug|Any CPU
		{065036F2-EA85-48D3-95C7-5FF290AB5E37}.Ad-Hoc|iPhoneSimulator.Build.0 = Debug|Any CPU
		{065036F2-EA85-48D3-95C7-5FF290AB5E37}.AppStore|Any CPU.ActiveCfg = Debug|Any CPU
		{065036F2-EA85-48D3-95C7-5FF290AB5E37}.AppStore|Any CPU.Build.0 = Debug|Any CPU
		{065036F2-EA85-48D3-95C7-5FF290AB5E37}.AppStore|iPhone.ActiveCfg = Debug|Any CPU
		{065036F2-EA85-48D3-95C7-5FF290AB5E37}.AppStore|iPhone.Build.0 = Debug|Any CPU
		{065036F2-EA85-48D3-95C7-5FF290AB5E37}.AppStore|iPhoneSimulator.ActiveCfg = Debug|Any CPU
		{065036F2-EA85-48D3-95C7-5FF290AB5E37}.AppStore|iPhoneSimulator.Build.0 = Debug|Any CPU
		{065036F2-EA85-48D3-95C7-5FF290AB5E37}.Debug|Any CPU.ActiveCfg = Debug|Any CPU
		{065036F2-EA85-48D3-95C7-5FF290AB5E37}.Debug|Any CPU.Build.0 = Debug|Any CPU
		{065036F2-EA85-48D3-95C7-5FF290AB5E37}.Debug|iPhone.ActiveCfg = Debug|Any CPU
		{065036F2-EA85-48D3-95C7-5FF290AB5E37}.Debug|iPhone.Build.0 = Debug|Any CPU
		{065036F2-EA85-48D3-95C7-5FF290AB5E37}.Debug|iPhoneSimulator.ActiveCfg = Debug|Any CPU
		{065036F2-EA85-48D3-95C7-5FF290AB5E37}.Debug|iPhoneSimulator.Build.0 = Debug|Any CPU
		{065036F2-EA85-48D3-95C7-5FF290AB5E37}.Release|Any CPU.ActiveCfg = Release|Any CPU
		{065036F2-EA85-48D3-95C7-5FF290AB5E37}.Release|Any CPU.Build.0 = Release|Any CPU
		{065036F2-EA85-48D3-95C7-5FF290AB5E37}.Release|iPhone.ActiveCfg = Release|Any CPU
		{065036F2-EA85-48D3-95C7-5FF290AB5E37}.Release|iPhone.Build.0 = Release|Any CPU
		{065036F2-EA85-48D3-95C7-5FF290AB5E37}.Release|iPhoneSimulator.ActiveCfg = Release|Any CPU
		{065036F2-EA85-48D3-95C7-5FF290AB5E37}.Release|iPhoneSimulator.Build.0 = Release|Any CPU
		{38173740-F4A2-4ECA-A72B-0E3FC6AB663B}.Ad-Hoc|Any CPU.ActiveCfg = Debug|Any CPU
		{38173740-F4A2-4ECA-A72B-0E3FC6AB663B}.Ad-Hoc|Any CPU.Build.0 = Debug|Any CPU
		{38173740-F4A2-4ECA-A72B-0E3FC6AB663B}.Ad-Hoc|iPhone.ActiveCfg = Debug|Any CPU
		{38173740-F4A2-4ECA-A72B-0E3FC6AB663B}.Ad-Hoc|iPhone.Build.0 = Debug|Any CPU
		{38173740-F4A2-4ECA-A72B-0E3FC6AB663B}.Ad-Hoc|iPhoneSimulator.ActiveCfg = Debug|Any CPU
		{38173740-F4A2-4ECA-A72B-0E3FC6AB663B}.Ad-Hoc|iPhoneSimulator.Build.0 = Debug|Any CPU
		{38173740-F4A2-4ECA-A72B-0E3FC6AB663B}.AppStore|Any CPU.ActiveCfg = Debug|Any CPU
		{38173740-F4A2-4ECA-A72B-0E3FC6AB663B}.AppStore|Any CPU.Build.0 = Debug|Any CPU
		{38173740-F4A2-4ECA-A72B-0E3FC6AB663B}.AppStore|iPhone.ActiveCfg = Debug|Any CPU
		{38173740-F4A2-4ECA-A72B-0E3FC6AB663B}.AppStore|iPhone.Build.0 = Debug|Any CPU
		{38173740-F4A2-4ECA-A72B-0E3FC6AB663B}.AppStore|iPhoneSimulator.ActiveCfg = Debug|Any CPU
		{38173740-F4A2-4ECA-A72B-0E3FC6AB663B}.AppStore|iPhoneSimulator.Build.0 = Debug|Any CPU
		{38173740-F4A2-4ECA-A72B-0E3FC6AB663B}.Debug|Any CPU.ActiveCfg = Debug|Any CPU
		{38173740-F4A2-4ECA-A72B-0E3FC6AB663B}.Debug|Any CPU.Build.0 = Debug|Any CPU
		{38173740-F4A2-4ECA-A72B-0E3FC6AB663B}.Debug|iPhone.ActiveCfg = Debug|Any CPU
		{38173740-F4A2-4ECA-A72B-0E3FC6AB663B}.Debug|iPhone.Build.0 = Debug|Any CPU
		{38173740-F4A2-4ECA-A72B-0E3FC6AB663B}.Debug|iPhoneSimulator.ActiveCfg = Debug|Any CPU
		{38173740-F4A2-4ECA-A72B-0E3FC6AB663B}.Debug|iPhoneSimulator.Build.0 = Debug|Any CPU
		{38173740-F4A2-4ECA-A72B-0E3FC6AB663B}.Release|Any CPU.ActiveCfg = Release|Any CPU
		{38173740-F4A2-4ECA-A72B-0E3FC6AB663B}.Release|Any CPU.Build.0 = Release|Any CPU
		{38173740-F4A2-4ECA-A72B-0E3FC6AB663B}.Release|iPhone.ActiveCfg = Release|Any CPU
		{38173740-F4A2-4ECA-A72B-0E3FC6AB663B}.Release|iPhone.Build.0 = Release|Any CPU
		{38173740-F4A2-4ECA-A72B-0E3FC6AB663B}.Release|iPhoneSimulator.ActiveCfg = Release|Any CPU
		{38173740-F4A2-4ECA-A72B-0E3FC6AB663B}.Release|iPhoneSimulator.Build.0 = Release|Any CPU
	EndGlobalSection
	GlobalSection(SolutionProperties) = preSolution
		HideSolutionNode = FALSE
	EndGlobalSection
	GlobalSection(ExtensibilityGlobals) = postSolution
		SolutionGuid = {3FA8F355-A5A1-4A42-BB69-2878278A44DB}
	EndGlobalSection
EndGlobal
